// !$*UTF8*$!
{
	archiveVersion = 1;
	classes = {
	};
	objectVersion = 56;
	objects = {

/* Begin PBXBuildFile section */
		31733A642A7BB42D00318D0E /* smallLogo-4.png in Resources */ = {isa = PBXBuildFile; fileRef = 31733A632A7BB42D00318D0E /* smallLogo-4.png */; };
		31733A6B2A7BDCFA00318D0E /* workoutsScreen.swift in Sources */ = {isa = PBXBuildFile; fileRef = 31733A6A2A7BDCFA00318D0E /* workoutsScreen.swift */; };
		318DABBE2A7BA61500D609C7 /* IronBoundApp.swift in Sources */ = {isa = PBXBuildFile; fileRef = 318DABBD2A7BA61500D609C7 /* IronBoundApp.swift */; };
		318DABC02A7BA61500D609C7 /* ContentView.swift in Sources */ = {isa = PBXBuildFile; fileRef = 318DABBF2A7BA61500D609C7 /* ContentView.swift */; };
		318DABC22A7BA61D00D609C7 /* Assets.xcassets in Resources */ = {isa = PBXBuildFile; fileRef = 318DABC12A7BA61D00D609C7 /* Assets.xcassets */; };
		318DABC62A7BA61D00D609C7 /* Preview Assets.xcassets in Resources */ = {isa = PBXBuildFile; fileRef = 318DABC52A7BA61D00D609C7 /* Preview Assets.xcassets */; };
		318DABCD2A7BA9D500D609C7 /* SplashScreen.swift in Sources */ = {isa = PBXBuildFile; fileRef = 318DABCC2A7BA9D500D609C7 /* SplashScreen.swift */; };
		31EFB5632A83B1C00055885E /* File.swift in Sources */ = {isa = PBXBuildFile; fileRef = 31EFB5622A83B1C00055885E /* File.swift */; };
		31EFB5682A83B4240055885E /* onboardingData.swift in Sources */ = {isa = PBXBuildFile; fileRef = 31EFB5672A83B4240055885E /* onboardingData.swift */; };
/* End PBXBuildFile section */

/* Begin PBXFileReference section */
		31733A622A7BB32B00318D0E /* Info.plist */ = {isa = PBXFileReference; lastKnownFileType = text.plist; path = Info.plist; sourceTree = "<group>"; };
		31733A632A7BB42D00318D0E /* smallLogo-4.png */ = {isa = PBXFileReference; lastKnownFileType = image.png; name = "smallLogo-4.png"; path = "../../../../Downloads/smallLogo-4.png"; sourceTree = "<group>"; };
		31733A6A2A7BDCFA00318D0E /* workoutsScreen.swift */ = {isa = PBXFileReference; lastKnownFileType = sourcecode.swift; path = workoutsScreen.swift; sourceTree = "<group>"; };
		318DABBA2A7BA61500D609C7 /* IronBound.app */ = {isa = PBXFileReference; explicitFileType = wrapper.application; includeInIndex = 0; path = IronBound.app; sourceTree = BUILT_PRODUCTS_DIR; };
		318DABBD2A7BA61500D609C7 /* IronBoundApp.swift */ = {isa = PBXFileReference; lastKnownFileType = sourcecode.swift; path = IronBoundApp.swift; sourceTree = "<group>"; };
		318DABBF2A7BA61500D609C7 /* ContentView.swift */ = {isa = PBXFileReference; lastKnownFileType = sourcecode.swift; path = ContentView.swift; sourceTree = "<group>"; };
		318DABC12A7BA61D00D609C7 /* Assets.xcassets */ = {isa = PBXFileReference; lastKnownFileType = folder.assetcatalog; path = Assets.xcassets; sourceTree = "<group>"; };
		318DABC32A7BA61D00D609C7 /* IronBound.entitlements */ = {isa = PBXFileReference; lastKnownFileType = text.plist.entitlements; path = IronBound.entitlements; sourceTree = "<group>"; };
		318DABC52A7BA61D00D609C7 /* Preview Assets.xcassets */ = {isa = PBXFileReference; lastKnownFileType = folder.assetcatalog; path = "Preview Assets.xcassets"; sourceTree = "<group>"; };
		318DABCC2A7BA9D500D609C7 /* SplashScreen.swift */ = {isa = PBXFileReference; lastKnownFileType = sourcecode.swift; path = SplashScreen.swift; sourceTree = "<group>"; };
		31EFB5622A83B1C00055885E /* File.swift */ = {isa = PBXFileReference; lastKnownFileType = sourcecode.swift; path = File.swift; sourceTree = "<group>"; };
		31EFB5672A83B4240055885E /* onboardingData.swift */ = {isa = PBXFileReference; lastKnownFileType = sourcecode.swift; path = onboardingData.swift; sourceTree = "<group>"; };
/* End PBXFileReference section */

/* Begin PBXFrameworksBuildPhase section */
		318DABB72A7BA61500D609C7 /* Frameworks */ = {
			isa = PBXFrameworksBuildPhase;
			buildActionMask = 2147483647;
			files = (
			);
			runOnlyForDeploymentPostprocessing = 0;
		};
/* End PBXFrameworksBuildPhase section */

/* Begin PBXGroup section */
		31733A652A7BCFFC00318D0E /* Screens */ = {
			isa = PBXGroup;
			children = (
				31733A6A2A7BDCFA00318D0E /* workoutsScreen.swift */,
			);
			path = Screens;
			sourceTree = "<group>";
		};
		318DABB12A7BA61500D609C7 = {
			isa = PBXGroup;
			children = (
				318DABBC2A7BA61500D609C7 /* IronBound */,
				318DABBB2A7BA61500D609C7 /* Products */,
			);
			sourceTree = "<group>";
		};
		318DABBB2A7BA61500D609C7 /* Products */ = {
			isa = PBXGroup;
			children = (
				318DABBA2A7BA61500D609C7 /* IronBound.app */,
			);
			name = Products;
			sourceTree = "<group>";
		};
		318DABBC2A7BA61500D609C7 /* IronBound */ = {
			isa = PBXGroup;
			children = (
				31EFB5642A83B3900055885E /* Data */,
				31EFB5612A83B19B0055885E /* Models */,
				31733A652A7BCFFC00318D0E /* Screens */,
				31733A632A7BB42D00318D0E /* smallLogo-4.png */,
				31733A622A7BB32B00318D0E /* Info.plist */,
				318DABBD2A7BA61500D609C7 /* IronBoundApp.swift */,
				318DABBF2A7BA61500D609C7 /* ContentView.swift */,
				318DABCC2A7BA9D500D609C7 /* SplashScreen.swift */,
				318DABC12A7BA61D00D609C7 /* Assets.xcassets */,
				318DABC32A7BA61D00D609C7 /* IronBound.entitlements */,
				318DABC42A7BA61D00D609C7 /* Preview Content */,
			);
			path = IronBound;
			sourceTree = "<group>";
		};
		318DABC42A7BA61D00D609C7 /* Preview Content */ = {
			isa = PBXGroup;
			children = (
				318DABC52A7BA61D00D609C7 /* Preview Assets.xcassets */,
			);
			path = "Preview Content";
			sourceTree = "<group>";
		};
		31EFB5612A83B19B0055885E /* Models */ = {
			isa = PBXGroup;
			children = (
				31EFB5622A83B1C00055885E /* File.swift */,
			);
			path = Models;
			sourceTree = "<group>";
		};
		31EFB5642A83B3900055885E /* Data */ = {
			isa = PBXGroup;
			children = (
				31EFB5672A83B4240055885E /* onboardingData.swift */,
			);
			path = Data;
			sourceTree = "<group>";
		};
/* End PBXGroup section */

/* Begin PBXNativeTarget section */
		318DABB92A7BA61500D609C7 /* IronBound */ = {
			isa = PBXNativeTarget;
			buildConfigurationList = 318DABC92A7BA61D00D609C7 /* Build configuration list for PBXNativeTarget "IronBound" */;
			buildPhases = (
				318DABB62A7BA61500D609C7 /* Sources */,
				318DABB72A7BA61500D609C7 /* Frameworks */,
				318DABB82A7BA61500D609C7 /* Resources */,
			);
			buildRules = (
			);
			dependencies = (
			);
			name = IronBound;
			productName = IronBound;
			productReference = 318DABBA2A7BA61500D609C7 /* IronBound.app */;
			productType = "com.apple.product-type.application";
		};
/* End PBXNativeTarget section */

/* Begin PBXProject section */
		318DABB22A7BA61500D609C7 /* Project object */ = {
			isa = PBXProject;
			attributes = {
				BuildIndependentTargetsInParallel = 1;
				LastSwiftUpdateCheck = 1420;
				LastUpgradeCheck = 1420;
				TargetAttributes = {
					318DABB92A7BA61500D609C7 = {
						CreatedOnToolsVersion = 14.2;
					};
				};
			};
			buildConfigurationList = 318DABB52A7BA61500D609C7 /* Build configuration list for PBXProject "IronBound" */;
			compatibilityVersion = "Xcode 14.0";
			developmentRegion = en;
			hasScannedForEncodings = 0;
			knownRegions = (
				en,
				Base,
			);
			mainGroup = 318DABB12A7BA61500D609C7;
			productRefGroup = 318DABBB2A7BA61500D609C7 /* Products */;
			projectDirPath = "";
			projectRoot = "";
			targets = (
				318DABB92A7BA61500D609C7 /* IronBound */,
			);
		};
/* End PBXProject section */

/* Begin PBXResourcesBuildPhase section */
		318DABB82A7BA61500D609C7 /* Resources */ = {
			isa = PBXResourcesBuildPhase;
			buildActionMask = 2147483647;
			files = (
				31733A642A7BB42D00318D0E /* smallLogo-4.png in Resources */,
				318DABC62A7BA61D00D609C7 /* Preview Assets.xcassets in Resources */,
				318DABC22A7BA61D00D609C7 /* Assets.xcassets in Resources */,
			);
			runOnlyForDeploymentPostprocessing = 0;
		};
/* End PBXResourcesBuildPhase section */

/* Begin PBXSourcesBuildPhase section */
		318DABB62A7BA61500D609C7 /* Sources */ = {
			isa = PBXSourcesBuildPhase;
			buildActionMask = 2147483647;
			files = (
				31EFB5682A83B4240055885E /* onboardingData.swift in Sources */,
				31EFB5632A83B1C00055885E /* File.swift in Sources */,
				318DABCD2A7BA9D500D609C7 /* SplashScreen.swift in Sources */,
				31733A6B2A7BDCFA00318D0E /* workoutsScreen.swift in Sources */,
				318DABC02A7BA61500D609C7 /* ContentView.swift in Sources */,
				318DABBE2A7BA61500D609C7 /* IronBoundApp.swift in Sources */,
			);
			runOnlyForDeploymentPostprocessing = 0;
		};
/* End PBXSourcesBuildPhase section */

/* Begin XCBuildConfiguration section */
		318DABC72A7BA61D00D609C7 /* Debug */ = {
			isa = XCBuildConfiguration;
			buildSettings = {
				ALWAYS_SEARCH_USER_PATHS = NO;
				CLANG_ANALYZER_NONNULL = YES;
				CLANG_ANALYZER_NUMBER_OBJECT_CONVERSION = YES_AGGRESSIVE;
				CLANG_CXX_LANGUAGE_STANDARD = "gnu++20";
				CLANG_ENABLE_MODULES = YES;
				CLANG_ENABLE_OBJC_ARC = YES;
				CLANG_ENABLE_OBJC_WEAK = YES;
				CLANG_WARN_BLOCK_CAPTURE_AUTORELEASING = YES;
				CLANG_WARN_BOOL_CONVERSION = YES;
				CLANG_WARN_COMMA = YES;
				CLANG_WARN_CONSTANT_CONVERSION = YES;
				CLANG_WARN_DEPRECATED_OBJC_IMPLEMENTATIONS = YES;
				CLANG_WARN_DIRECT_OBJC_ISA_USAGE = YES_ERROR;
				CLANG_WARN_DOCUMENTATION_COMMENTS = YES;
				CLANG_WARN_EMPTY_BODY = YES;
				CLANG_WARN_ENUM_CONVERSION = YES;
				CLANG_WARN_INFINITE_RECURSION = YES;
				CLANG_WARN_INT_CONVERSION = YES;
				CLANG_WARN_NON_LITERAL_NULL_CONVERSION = YES;
				CLANG_WARN_OBJC_IMPLICIT_RETAIN_SELF = YES;
				CLANG_WARN_OBJC_LITERAL_CONVERSION = YES;
				CLANG_WARN_OBJC_ROOT_CLASS = YES_ERROR;
				CLANG_WARN_QUOTED_INCLUDE_IN_FRAMEWORK_HEADER = YES;
				CLANG_WARN_RANGE_LOOP_ANALYSIS = YES;
				CLANG_WARN_STRICT_PROTOTYPES = YES;
				CLANG_WARN_SUSPICIOUS_MOVE = YES;
				CLANG_WARN_UNGUARDED_AVAILABILITY = YES_AGGRESSIVE;
				CLANG_WARN_UNREACHABLE_CODE = YES;
				CLANG_WARN__DUPLICATE_METHOD_MATCH = YES;
				COPY_PHASE_STRIP = NO;
				DEBUG_INFORMATION_FORMAT = dwarf;
				ENABLE_STRICT_OBJC_MSGSEND = YES;
				ENABLE_TESTABILITY = YES;
				GCC_C_LANGUAGE_STANDARD = gnu11;
				GCC_DYNAMIC_NO_PIC = NO;
				GCC_NO_COMMON_BLOCKS = YES;
				GCC_OPTIMIZATION_LEVEL = 0;
				GCC_PREPROCESSOR_DEFINITIONS = (
					"DEBUG=1",
					"$(inherited)",
				);
				GCC_WARN_64_TO_32_BIT_CONVERSION = YES;
				GCC_WARN_ABOUT_RETURN_TYPE = YES_ERROR;
				GCC_WARN_UNDECLARED_SELECTOR = YES;
				GCC_WARN_UNINITIALIZED_AUTOS = YES_AGGRESSIVE;
				GCC_WARN_UNUSED_FUNCTION = YES;
				GCC_WARN_UNUSED_VARIABLE = YES;
				MTL_ENABLE_DEBUG_INFO = INCLUDE_SOURCE;
				MTL_FAST_MATH = YES;
				ONLY_ACTIVE_ARCH = YES;
				SWIFT_ACTIVE_COMPILATION_CONDITIONS = DEBUG;
				SWIFT_OPTIMIZATION_LEVEL = "-Onone";
			};
			name = Debug;
		};
		318DABC82A7BA61D00D609C7 /* Release */ = {
			isa = XCBuildConfiguration;
			buildSettings = {
				ALWAYS_SEARCH_USER_PATHS = NO;
				CLANG_ANALYZER_NONNULL = YES;
				CLANG_ANALYZER_NUMBER_OBJECT_CONVERSION = YES_AGGRESSIVE;
				CLANG_CXX_LANGUAGE_STANDARD = "gnu++20";
				CLANG_ENABLE_MODULES = YES;
				CLANG_ENABLE_OBJC_ARC = YES;
				CLANG_ENABLE_OBJC_WEAK = YES;
				CLANG_WARN_BLOCK_CAPTURE_AUTORELEASING = YES;
				CLANG_WARN_BOOL_CONVERSION = YES;
				CLANG_WARN_COMMA = YES;
				CLANG_WARN_CONSTANT_CONVERSION = YES;
				CLANG_WARN_DEPRECATED_OBJC_IMPLEMENTATIONS = YES;
				CLANG_WARN_DIRECT_OBJC_ISA_USAGE = YES_ERROR;
				CLANG_WARN_DOCUMENTATION_COMMENTS = YES;
				CLANG_WARN_EMPTY_BODY = YES;
				CLANG_WARN_ENUM_CONVERSION = YES;
				CLANG_WARN_INFINITE_RECURSION = YES;
				CLANG_WARN_INT_CONVERSION = YES;
				CLANG_WARN_NON_LITERAL_NULL_CONVERSION = YES;
				CLANG_WARN_OBJC_IMPLICIT_RETAIN_SELF = YES;
				CLANG_WARN_OBJC_LITERAL_CONVERSION = YES;
				CLANG_WARN_OBJC_ROOT_CLASS = YES_ERROR;
				CLANG_WARN_QUOTED_INCLUDE_IN_FRAMEWORK_HEADER = YES;
				CLANG_WARN_RANGE_LOOP_ANALYSIS = YES;
				CLANG_WARN_STRICT_PROTOTYPES = YES;
				CLANG_WARN_SUSPICIOUS_MOVE = YES;
				CLANG_WARN_UNGUARDED_AVAILABILITY = YES_AGGRESSIVE;
				CLANG_WARN_UNREACHABLE_CODE = YES;
				CLANG_WARN__DUPLICATE_METHOD_MATCH = YES;
				COPY_PHASE_STRIP = NO;
				DEBUG_INFORMATION_FORMAT = "dwarf-with-dsym";
				ENABLE_NS_ASSERTIONS = NO;
				ENABLE_STRICT_OBJC_MSGSEND = YES;
				GCC_C_LANGUAGE_STANDARD = gnu11;
				GCC_NO_COMMON_BLOCKS = YES;
				GCC_WARN_64_TO_32_BIT_CONVERSION = YES;
				GCC_WARN_ABOUT_RETURN_TYPE = YES_ERROR;
				GCC_WARN_UNDECLARED_SELECTOR = YES;
				GCC_WARN_UNINITIALIZED_AUTOS = YES_AGGRESSIVE;
				GCC_WARN_UNUSED_FUNCTION = YES;
				GCC_WARN_UNUSED_VARIABLE = YES;
				MTL_ENABLE_DEBUG_INFO = NO;
				MTL_FAST_MATH = YES;
				SWIFT_COMPILATION_MODE = wholemodule;
				SWIFT_OPTIMIZATION_LEVEL = "-O";
			};
			name = Release;
		};
		318DABCA2A7BA61D00D609C7 /* Debug */ = {
			isa = XCBuildConfiguration;
			buildSettings = {
				ASSETCATALOG_COMPILER_APPICON_NAME = AppIcon;
				ASSETCATALOG_COMPILER_GLOBAL_ACCENT_COLOR_NAME = AccentColor;
				CODE_SIGN_ENTITLEMENTS = IronBound/IronBound.entitlements;
				CODE_SIGN_STYLE = Automatic;
				CURRENT_PROJECT_VERSION = 1;
				DEVELOPMENT_ASSET_PATHS = "\"IronBound/Preview Content\"";
				ENABLE_PREVIEWS = YES;
				GENERATE_INFOPLIST_FILE = YES;
				INFOPLIST_FILE = IronBound/Info.plist;
				"INFOPLIST_KEY_UIApplicationSceneManifest_Generation[sdk=iphoneos*]" = YES;
				"INFOPLIST_KEY_UIApplicationSceneManifest_Generation[sdk=iphonesimulator*]" = YES;
				"INFOPLIST_KEY_UIApplicationSupportsIndirectInputEvents[sdk=iphoneos*]" = YES;
				"INFOPLIST_KEY_UIApplicationSupportsIndirectInputEvents[sdk=iphonesimulator*]" = YES;
				"INFOPLIST_KEY_UILaunchScreen_Generation[sdk=iphoneos*]" = YES;
				"INFOPLIST_KEY_UILaunchScreen_Generation[sdk=iphonesimulator*]" = YES;
				"INFOPLIST_KEY_UIStatusBarStyle[sdk=iphoneos*]" = UIStatusBarStyleDefault;
				"INFOPLIST_KEY_UIStatusBarStyle[sdk=iphonesimulator*]" = UIStatusBarStyleDefault;
				INFOPLIST_KEY_UISupportedInterfaceOrientations_iPad = "UIInterfaceOrientationPortrait UIInterfaceOrientationPortraitUpsideDown UIInterfaceOrientationLandscapeLeft UIInterfaceOrientationLandscapeRight";
				INFOPLIST_KEY_UISupportedInterfaceOrientations_iPhone = "UIInterfaceOrientationPortrait UIInterfaceOrientationLandscapeLeft UIInterfaceOrientationLandscapeRight";
				IPHONEOS_DEPLOYMENT_TARGET = 16.2;
				LD_RUNPATH_SEARCH_PATHS = "@executable_path/Frameworks";
				"LD_RUNPATH_SEARCH_PATHS[sdk=macosx*]" = "@executable_path/../Frameworks";
				MACOSX_DEPLOYMENT_TARGET = 12.6;
				MARKETING_VERSION = 1.0;
				PRODUCT_BUNDLE_IDENTIFIER = liamwedge.IronBound;
				PRODUCT_NAME = "$(TARGET_NAME)";
				SDKROOT = auto;
				SUPPORTED_PLATFORMS = "iphoneos iphonesimulator macosx";
				SWIFT_EMIT_LOC_STRINGS = YES;
				SWIFT_VERSION = 5.0;
				TARGETED_DEVICE_FAMILY = "1,2";
			};
			name = Debug;
		};
		318DABCB2A7BA61D00D609C7 /* Release */ = {
			isa = XCBuildConfiguration;
			buildSettings = {
				ASSETCATALOG_COMPILER_APPICON_NAME = AppIcon;
				ASSETCATALOG_COMPILER_GLOBAL_ACCENT_COLOR_NAME = AccentColor;
				CODE_SIGN_ENTITLEMENTS = IronBound/IronBound.entitlements;
				CODE_SIGN_STYLE = Automatic;
				CURRENT_PROJECT_VERSION = 1;
				DEVELOPMENT_ASSET_PATHS = "\"IronBound/Preview Content\"";
				ENABLE_PREVIEWS = YES;
				GENERATE_INFOPLIST_FILE = YES;
				INFOPLIST_FILE = IronBound/Info.plist;
				"INFOPLIST_KEY_UIApplicationSceneManifest_Generation[sdk=iphoneos*]" = YES;
				"INFOPLIST_KEY_UIApplicationSceneManifest_Generation[sdk=iphonesimulator*]" = YES;
				"INFOPLIST_KEY_UIApplicationSupportsIndirectInputEvents[sdk=iphoneos*]" = YES;
				"INFOPLIST_KEY_UIApplicationSupportsIndirectInputEvents[sdk=iphonesimulator*]" = YES;
				"INFOPLIST_KEY_UILaunchScreen_Generation[sdk=iphoneos*]" = YES;
				"INFOPLIST_KEY_UILaunchScreen_Generation[sdk=iphonesimulator*]" = YES;
				"INFOPLIST_KEY_UIStatusBarStyle[sdk=iphoneos*]" = UIStatusBarStyleDefault;
				"INFOPLIST_KEY_UIStatusBarStyle[sdk=iphonesimulator*]" = UIStatusBarStyleDefault;
				INFOPLIST_KEY_UISupportedInterfaceOrientations_iPad = "UIInterfaceOrientationPortrait UIInterfaceOrientationPortraitUpsideDown UIInterfaceOrientationLandscapeLeft UIInterfaceOrientationLandscapeRight";
				INFOPLIST_KEY_UISupportedInterfaceOrientations_iPhone = "UIInterfaceOrientationPortrait UIInterfaceOrientationLandscapeLeft UIInterfaceOrientationLandscapeRight";
				IPHONEOS_DEPLOYMENT_TARGET = 16.2;
				LD_RUNPATH_SEARCH_PATHS = "@executable_path/Frameworks";
				"LD_RUNPATH_SEARCH_PATHS[sdk=macosx*]" = "@executable_path/../Frameworks";
				MACOSX_DEPLOYMENT_TARGET = 12.6;
				MARKETING_VERSION = 1.0;
				PRODUCT_BUNDLE_IDENTIFIER = liamwedge.IronBound;
				PRODUCT_NAME = "$(TARGET_NAME)";
				SDKROOT = auto;
				SUPPORTED_PLATFORMS = "iphoneos iphonesimulator macosx";
				SWIFT_EMIT_LOC_STRINGS = YES;
				SWIFT_VERSION = 5.0;
				TARGETED_DEVICE_FAMILY = "1,2";
			};
			name = Release;
		};
/* End XCBuildConfiguration section */

/* Begin XCConfigurationList section */
		318DABB52A7BA61500D609C7 /* Build configuration list for PBXProject "IronBound" */ = {
			isa = XCConfigurationList;
			buildConfigurations = (
				318DABC72A7BA61D00D609C7 /* Debug */,
				318DABC82A7BA61D00D609C7 /* Release */,
			);
			defaultConfigurationIsVisible = 0;
			defaultConfigurationName = Release;
		};
		318DABC92A7BA61D00D609C7 /* Build configuration list for PBXNativeTarget "IronBound" */ = {
			isa = XCConfigurationList;
			buildConfigurations = (
				318DABCA2A7BA61D00D609C7 /* Debug */,
				318DABCB2A7BA61D00D609C7 /* Release */,
			);
			defaultConfigurationIsVisible = 0;
			defaultConfigurationName = Release;
		};
/* End XCConfigurationList section */
	};
	rootObject = 318DABB22A7BA61500D609C7 /* Project object */;
}
